
Microsoft Visual Studio Solution File, Format Version 12.00
# Visual Studio Version 17
VisualStudioVersion = 17.0.32014.148
MinimumVisualStudioVersion = 10.0.40219.1
Project("{FAE04EC0-301F-11D3-BF4B-00C04F79EFBC}") = "DeleriumPerks", "DeleriumPerks\DeleriumPerks.csproj", "{5643100C-C5DC-4B0B-A2F2-A4D558E12618}"
EndProject
Global
	GlobalSection(SolutionConfigurationPlatforms) = preSolution
		Debug|Any CPU = Debug|Any CPU
		Release|Any CPU = Release|Any CPU
	EndGlobalSection
	GlobalSection(ProjectConfigurationPlatforms) = postSolution
		{5643100C-C5DC-4B0B-A2F2-A4D558E12618}.Debug|Any CPU.ActiveCfg = Debug|Any CPU
		{5643100C-C5DC-4B0B-A2F2-A4D558E12618}.Debug|Any CPU.Build.0 = Debug|Any CPU
		{5643100C-C5DC-4B0B-A2F2-A4D558E12618}.Release|Any CPU.ActiveCfg = Release|Any CPU
		{5643100C-C5DC-4B0B-A2F2-A4D558E12618}.Release|Any CPU.Build.0 = Release|Any CPU
	EndGlobalSection
	GlobalSection(SolutionProperties) = preSolution
		HideSolutionNode = FALSE
	EndGlobalSection
	GlobalSection(ExtensibilityGlobals) = postSolution
		SolutionGuid = {FABDA15A-5625-4579-BE61-B3972D7B8811}
	EndGlobalSection
EndGlobal
